
Microsoft Visual Studio Solution File, Format Version 12.00
# Visual Studio Version 17
VisualStudioVersion = 17.6.33723.286
MinimumVisualStudioVersion = 10.0.40219.1
Project("{9A19103F-16F7-4668-BE54-9A1E7A4F7556}") = "NetLeaf", "NetLeaf\NetLeaf.csproj", "{116014DC-B167-456D-90E1-77D07808D39F}"
EndProject
Project("{FAE04EC0-301F-11D3-BF4B-00C04F79EFBC}") = "NetLeaf.Tests", "NetLeaf.Tests\NetLeaf.Tests.csproj", "{81B53CD7-0311-4173-9C7D-BD273A60E884}"
EndProject
Global
	GlobalSection(SolutionConfigurationPlatforms) = preSolution
		Debug|Any CPU = Debug|Any CPU
		Release|Any CPU = Release|Any CPU
	EndGlobalSection
	GlobalSection(ProjectConfigurationPlatforms) = postSolution
		{116014DC-B167-456D-90E1-77D07808D39F}.Debug|Any CPU.ActiveCfg = Debug|Any CPU
		{116014DC-B167-456D-90E1-77D07808D39F}.Debug|Any CPU.Build.0 = Debug|Any CPU
		{116014DC-B167-456D-90E1-77D07808D39F}.Release|Any CPU.ActiveCfg = Release|Any CPU
		{116014DC-B167-456D-90E1-77D07808D39F}.Release|Any CPU.Build.0 = Release|Any CPU
		{81B53CD7-0311-4173-9C7D-BD273A60E884}.Debug|Any CPU.ActiveCfg = Debug|Any CPU
		{81B53CD7-0311-4173-9C7D-BD273A60E884}.Debug|Any CPU.Build.0 = Debug|Any CPU
		{81B53CD7-0311-4173-9C7D-BD273A60E884}.Release|Any CPU.ActiveCfg = Release|Any CPU
		{81B53CD7-0311-4173-9C7D-BD273A60E884}.Release|Any CPU.Build.0 = Release|Any CPU
	EndGlobalSection
	GlobalSection(SolutionProperties) = preSolution
		HideSolutionNode = FALSE
	EndGlobalSection
	GlobalSection(ExtensibilityGlobals) = postSolution
		SolutionGuid = {B80E77AA-B3CE-486B-82C0-179EA5AAFE5F}
	EndGlobalSection
EndGlobal
